
Microsoft Visual Studio Solution File, Format Version 12.00
# Visual Studio Version 17
VisualStudioVersion = 17.14.36518.9 d17.14
MinimumVisualStudioVersion = 10.0.40219.1
Project("{FAE04EC0-301F-11D3-BF4B-00C04F79EFBC}") = "TaskOne", "TaskOne\TaskOne.csproj", "{0096E852-6331-4D4A-936F-B113C9D675B5}"
EndProject
Global
	GlobalSection(SolutionConfigurationPlatforms) = preSolution
		Debug|Any CPU = Debug|Any CPU
		Release|Any CPU = Release|Any CPU
	EndGlobalSection
	GlobalSection(ProjectConfigurationPlatforms) = postSolution
		{0096E852-6331-4D4A-936F-B113C9D675B5}.Debug|Any CPU.ActiveCfg = Debug|Any CPU
		{0096E852-6331-4D4A-936F-B113C9D675B5}.Debug|Any CPU.Build.0 = Debug|Any CPU
		{0096E852-6331-4D4A-936F-B113C9D675B5}.Release|Any CPU.ActiveCfg = Release|Any CPU
		{0096E852-6331-4D4A-936F-B113C9D675B5}.Release|Any CPU.Build.0 = Release|Any CPU
	EndGlobalSection
	GlobalSection(SolutionProperties) = preSolution
		HideSolutionNode = FALSE
	EndGlobalSection
	GlobalSection(ExtensibilityGlobals) = postSolution
		SolutionGuid = {2D6D597F-565C-4E53-9FD1-8268B7B49908}
	EndGlobalSection
EndGlobal
